
Microsoft Visual Studio Solution File, Format Version 12.00
# Visual Studio Version 17
VisualStudioVersion = 17.9.34616.47
MinimumVisualStudioVersion = 10.0.40219.1
Project("{FAE04EC0-301F-11D3-BF4B-00C04F79EFBC}") = "Demoo", "Demoo.csproj", "{E99ACB86-3898-4E78-A475-D34A054C14F0}"
EndProject
Global
	GlobalSection(SolutionConfigurationPlatforms) = preSolution
		Debug|Any CPU = Debug|Any CPU
		Release|Any CPU = Release|Any CPU
	EndGlobalSection
	GlobalSection(ProjectConfigurationPlatforms) = postSolution
		{E99ACB86-3898-4E78-A475-D34A054C14F0}.Debug|Any CPU.ActiveCfg = Debug|Any CPU
		{E99ACB86-3898-4E78-A475-D34A054C14F0}.Debug|Any CPU.Build.0 = Debug|Any CPU
		{E99ACB86-3898-4E78-A475-D34A054C14F0}.Release|Any CPU.ActiveCfg = Release|Any CPU
		{E99ACB86-3898-4E78-A475-D34A054C14F0}.Release|Any CPU.Build.0 = Release|Any CPU
	EndGlobalSection
	GlobalSection(SolutionProperties) = preSolution
		HideSolutionNode = FALSE
	EndGlobalSection
	GlobalSection(ExtensibilityGlobals) = postSolution
		SolutionGuid = {054D0F4F-0939-47D4-A7F3-46AF272D8AF8}
	EndGlobalSection
EndGlobal
